
Microsoft Visual Studio Solution File, Format Version 12.00
# Visual Studio Version 16
VisualStudioVersion = 16.0.29519.87
MinimumVisualStudioVersion = 10.0.40219.1
Project("{FAE04EC0-301F-11D3-BF4B-00C04F79EFBC}") = "WpfAsyncDemo", "WpfAsyncDemo.csproj", "{E24FAEE1-5723-4ECC-9CAA-EF971304C073}"
EndProject
Global
	GlobalSection(SolutionConfigurationPlatforms) = preSolution
		Debug|Any CPU = Debug|Any CPU
		Release|Any CPU = Release|Any CPU
	EndGlobalSection
	GlobalSection(ProjectConfigurationPlatforms) = postSolution
		{E24FAEE1-5723-4ECC-9CAA-EF971304C073}.Debug|Any CPU.ActiveCfg = Debug|Any CPU
		{E24FAEE1-5723-4ECC-9CAA-EF971304C073}.Debug|Any CPU.Build.0 = Debug|Any CPU
		{E24FAEE1-5723-4ECC-9CAA-EF971304C073}.Release|Any CPU.ActiveCfg = Release|Any CPU
		{E24FAEE1-5723-4ECC-9CAA-EF971304C073}.Release|Any CPU.Build.0 = Release|Any CPU
	EndGlobalSection
	GlobalSection(SolutionProperties) = preSolution
		HideSolutionNode = FALSE
	EndGlobalSection
	GlobalSection(ExtensibilityGlobals) = postSolution
		SolutionGuid = {19575FA5-C84E-470B-A7AC-7C89433A68D8}
	EndGlobalSection
EndGlobal
